
Microsoft Visual Studio Solution File, Format Version 12.00
# Visual Studio Version 16
VisualStudioVersion = 16.0.29123.88
MinimumVisualStudioVersion = 10.0.40219.1
Project("{FAE04EC0-301F-11D3-BF4B-00C04F79EFBC}") = "EjemploPerceptronMultiCapa", "EjemploPerceptronMultiCapa\EjemploPerceptronMultiCapa.csproj", "{86C51BBB-BBEC-43AC-8AB0-3A4FB8BA9352}"
EndProject
Global
	GlobalSection(SolutionConfigurationPlatforms) = preSolution
		Debug|Any CPU = Debug|Any CPU
		Release|Any CPU = Release|Any CPU
	EndGlobalSection
	GlobalSection(ProjectConfigurationPlatforms) = postSolution
		{86C51BBB-BBEC-43AC-8AB0-3A4FB8BA9352}.Debug|Any CPU.ActiveCfg = Debug|Any CPU
		{86C51BBB-BBEC-43AC-8AB0-3A4FB8BA9352}.Debug|Any CPU.Build.0 = Debug|Any CPU
		{86C51BBB-BBEC-43AC-8AB0-3A4FB8BA9352}.Release|Any CPU.ActiveCfg = Release|Any CPU
		{86C51BBB-BBEC-43AC-8AB0-3A4FB8BA9352}.Release|Any CPU.Build.0 = Release|Any CPU
	EndGlobalSection
	GlobalSection(SolutionProperties) = preSolution
		HideSolutionNode = FALSE
	EndGlobalSection
	GlobalSection(ExtensibilityGlobals) = postSolution
		SolutionGuid = {283B8216-0DD4-4CF0-B6BA-26820F157412}
	EndGlobalSection
EndGlobal
